
Microsoft Visual Studio Solution File, Format Version 12.00
# Visual Studio Version 17
VisualStudioVersion = 17.6.33712.159
MinimumVisualStudioVersion = 10.0.40219.1
Project("{FAE04EC0-301F-11D3-BF4B-00C04F79EFBC}") = "Calculadora Teorema de Pitagoras", "Calculadora Teorema de Pitagoras\Calculadora Teorema de Pitagoras.csproj", "{B1F8EAD4-5839-417A-A6CA-16DCF5428EC0}"
EndProject
Global
	GlobalSection(SolutionConfigurationPlatforms) = preSolution
		Debug|Any CPU = Debug|Any CPU
		Release|Any CPU = Release|Any CPU
	EndGlobalSection
	GlobalSection(ProjectConfigurationPlatforms) = postSolution
		{B1F8EAD4-5839-417A-A6CA-16DCF5428EC0}.Debug|Any CPU.ActiveCfg = Debug|Any CPU
		{B1F8EAD4-5839-417A-A6CA-16DCF5428EC0}.Debug|Any CPU.Build.0 = Debug|Any CPU
		{B1F8EAD4-5839-417A-A6CA-16DCF5428EC0}.Release|Any CPU.ActiveCfg = Release|Any CPU
		{B1F8EAD4-5839-417A-A6CA-16DCF5428EC0}.Release|Any CPU.Build.0 = Release|Any CPU
	EndGlobalSection
	GlobalSection(SolutionProperties) = preSolution
		HideSolutionNode = FALSE
	EndGlobalSection
	GlobalSection(ExtensibilityGlobals) = postSolution
		SolutionGuid = {A98F244C-9475-4ED0-B638-9D6CF17BB788}
	EndGlobalSection
EndGlobal
